// !$*UTF8*$!
{
	archiveVersion = 1;
	classes = {
	};
	objectVersion = 46;
	objects = {

/* Begin PBXBuildFile section */
		3E2C428118A0D85A00905F1D /* Foundation.framework in Frameworks */ = {isa = PBXBuildFile; fileRef = 3E2C428018A0D85A00905F1D /* Foundation.framework */; };
		3E2C428318A0D85A00905F1D /* CoreGraphics.framework in Frameworks */ = {isa = PBXBuildFile; fileRef = 3E2C428218A0D85A00905F1D /* CoreGraphics.framework */; };
		3E2C428518A0D85A00905F1D /* UIKit.framework in Frameworks */ = {isa = PBXBuildFile; fileRef = 3E2C428418A0D85A00905F1D /* UIKit.framework */; };
		3E2C428B18A0D85A00905F1D /* InfoPlist.strings in Resources */ = {isa = PBXBuildFile; fileRef = 3E2C428918A0D85A00905F1D /* InfoPlist.strings */; };
		3E2C428D18A0D85A00905F1D /* main.m in Sources */ = {isa = PBXBuildFile; fileRef = 3E2C428C18A0D85A00905F1D /* main.m */; };
		3E2C429118A0D85A00905F1D /* RITAppDelegate.m in Sources */ = {isa = PBXBuildFile; fileRef = 3E2C429018A0D85A00905F1D /* RITAppDelegate.m */; };
		3E2C429318A0D85A00905F1D /* Images.xcassets in Resources */ = {isa = PBXBuildFile; fileRef = 3E2C429218A0D85A00905F1D /* Images.xcassets */; };
		3E2C429A18A0D85A00905F1D /* XCTest.framework in Frameworks */ = {isa = PBXBuildFile; fileRef = 3E2C429918A0D85A00905F1D /* XCTest.framework */; };
		3E2C429B18A0D85A00905F1D /* Foundation.framework in Frameworks */ = {isa = PBXBuildFile; fileRef = 3E2C428018A0D85A00905F1D /* Foundation.framework */; };
		3E2C429C18A0D85A00905F1D /* UIKit.framework in Frameworks */ = {isa = PBXBuildFile; fileRef = 3E2C428418A0D85A00905F1D /* UIKit.framework */; };
		3E2C42A418A0D85A00905F1D /* InfoPlist.strings in Resources */ = {isa = PBXBuildFile; fileRef = 3E2C42A218A0D85A00905F1D /* InfoPlist.strings */; };
		3E2C42A618A0D85A00905F1D /* _9DelegatesTestHW02Tests.m in Sources */ = {isa = PBXBuildFile; fileRef = 3E2C42A518A0D85A00905F1D /* _9DelegatesTestHW02Tests.m */; };
/* End PBXBuildFile section */

/* Begin PBXContainerItemProxy section */
		3E2C429D18A0D85A00905F1D /* PBXContainerItemProxy */ = {
			isa = PBXContainerItemProxy;
			containerPortal = 3E2C427518A0D85A00905F1D /* Project object */;
			proxyType = 1;
			remoteGlobalIDString = 3E2C427C18A0D85A00905F1D;
			remoteInfo = 09DelegatesTestHW02;
		};
/* End PBXContainerItemProxy section */

/* Begin PBXFileReference section */
		3E2C427D18A0D85A00905F1D /* 09DelegatesTestHW02.app */ = {isa = PBXFileReference; explicitFileType = wrapper.application; includeInIndex = 0; path = 09DelegatesTestHW02.app; sourceTree = BUILT_PRODUCTS_DIR; };
		3E2C428018A0D85A00905F1D /* Foundation.framework */ = {isa = PBXFileReference; lastKnownFileType = wrapper.framework; name = Foundation.framework; path = System/Library/Frameworks/Foundation.framework; sourceTree = SDKROOT; };
		3E2C428218A0D85A00905F1D /* CoreGraphics.framework */ = {isa = PBXFileReference; lastKnownFileType = wrapper.framework; name = CoreGraphics.framework; path = System/Library/Frameworks/CoreGraphics.framework; sourceTree = SDKROOT; };
		3E2C428418A0D85A00905F1D /* UIKit.framework */ = {isa = PBXFileReference; lastKnownFileType = wrapper.framework; name = UIKit.framework; path = System/Library/Frameworks/UIKit.framework; sourceTree = SDKROOT; };
		3E2C428818A0D85A00905F1D /* 09DelegatesTestHW02-Info.plist */ = {isa = PBXFileReference; lastKnownFileType = text.plist.xml; path = "09DelegatesTestHW02-Info.plist"; sourceTree = "<group>"; };
		3E2C428A18A0D85A00905F1D /* en */ = {isa = PBXFileReference; lastKnownFileType = text.plist.strings; name = en; path = en.lproj/InfoPlist.strings; sourceTree = "<group>"; };
		3E2C428C18A0D85A00905F1D /* main.m */ = {isa = PBXFileReference; lastKnownFileType = sourcecode.c.objc; path = main.m; sourceTree = "<group>"; };
		3E2C428E18A0D85A00905F1D /* 09DelegatesTestHW02-Prefix.pch */ = {isa = PBXFileReference; lastKnownFileType = sourcecode.c.h; path = "09DelegatesTestHW02-Prefix.pch"; sourceTree = "<group>"; };
		3E2C428F18A0D85A00905F1D /* RITAppDelegate.h */ = {isa = PBXFileReference; lastKnownFileType = sourcecode.c.h; path = RITAppDelegate.h; sourceTree = "<group>"; };
		3E2C429018A0D85A00905F1D /* RITAppDelegate.m */ = {isa = PBXFileReference; lastKnownFileType = sourcecode.c.objc; path = RITAppDelegate.m; sourceTree = "<group>"; };
		3E2C429218A0D85A00905F1D /* Images.xcassets */ = {isa = PBXFileReference; lastKnownFileType = folder.assetcatalog; path = Images.xcassets; sourceTree = "<group>"; };
		3E2C429818A0D85A00905F1D /* 09DelegatesTestHW02Tests.xctest */ = {isa = PBXFileReference; explicitFileType = wrapper.cfbundle; includeInIndex = 0; path = 09DelegatesTestHW02Tests.xctest; sourceTree = BUILT_PRODUCTS_DIR; };
		3E2C429918A0D85A00905F1D /* XCTest.framework */ = {isa = PBXFileReference; lastKnownFileType = wrapper.framework; name = XCTest.framework; path = Library/Frameworks/XCTest.framework; sourceTree = DEVELOPER_DIR; };
		3E2C42A118A0D85A00905F1D /* 09DelegatesTestHW02Tests-Info.plist */ = {isa = PBXFileReference; lastKnownFileType = text.plist.xml; path = "09DelegatesTestHW02Tests-Info.plist"; sourceTree = "<group>"; };
		3E2C42A318A0D85A00905F1D /* en */ = {isa = PBXFileReference; lastKnownFileType = text.plist.strings; name = en; path = en.lproj/InfoPlist.strings; sourceTree = "<group>"; };
		3E2C42A518A0D85A00905F1D /* _9DelegatesTestHW02Tests.m */ = {isa = PBXFileReference; lastKnownFileType = sourcecode.c.objc; path = _9DelegatesTestHW02Tests.m; sourceTree = "<group>"; };
/* End PBXFileReference section */

/* Begin PBXFrameworksBuildPhase section */
		3E2C427A18A0D85A00905F1D /* Frameworks */ = {
			isa = PBXFrameworksBuildPhase;
			buildActionMask = 2147483647;
			files = (
				3E2C428318A0D85A00905F1D /* CoreGraphics.framework in Frameworks */,
				3E2C428518A0D85A00905F1D /* UIKit.framework in Frameworks */,
				3E2C428118A0D85A00905F1D /* Foundation.framework in Frameworks */,
			);
			runOnlyForDeploymentPostprocessing = 0;
		};
		3E2C429518A0D85A00905F1D /* Frameworks */ = {
			isa = PBXFrameworksBuildPhase;
			buildActionMask = 2147483647;
			files = (
				3E2C429A18A0D85A00905F1D /* XCTest.framework in Frameworks */,
				3E2C429C18A0D85A00905F1D /* UIKit.framework in Frameworks */,
				3E2C429B18A0D85A00905F1D /* Foundation.framework in Frameworks */,
			);
			runOnlyForDeploymentPostprocessing = 0;
		};
/* End PBXFrameworksBuildPhase section */

/* Begin PBXGroup section */
		3E2C427418A0D85A00905F1D = {
			isa = PBXGroup;
			children = (
				3E2C428618A0D85A00905F1D /* 09DelegatesTestHW02 */,
				3E2C429F18A0D85A00905F1D /* 09DelegatesTestHW02Tests */,
				3E2C427F18A0D85A00905F1D /* Frameworks */,
				3E2C427E18A0D85A00905F1D /* Products */,
			);
			sourceTree = "<group>";
		};
		3E2C427E18A0D85A00905F1D /* Products */ = {
			isa = PBXGroup;
			children = (
				3E2C427D18A0D85A00905F1D /* 09DelegatesTestHW02.app */,
				3E2C429818A0D85A00905F1D /* 09DelegatesTestHW02Tests.xctest */,
			);
			name = Products;
			sourceTree = "<group>";
		};
		3E2C427F18A0D85A00905F1D /* Frameworks */ = {
			isa = PBXGroup;
			children = (
				3E2C428018A0D85A00905F1D /* Foundation.framework */,
				3E2C428218A0D85A00905F1D /* CoreGraphics.framework */,
				3E2C428418A0D85A00905F1D /* UIKit.framework */,
				3E2C429918A0D85A00905F1D /* XCTest.framework */,
			);
			name = Frameworks;
			sourceTree = "<group>";
		};
		3E2C428618A0D85A00905F1D /* 09DelegatesTestHW02 */ = {
			isa = PBXGroup;
			children = (
				3E2C428F18A0D85A00905F1D /* RITAppDelegate.h */,
				3E2C429018A0D85A00905F1D /* RITAppDelegate.m */,
				3E2C429218A0D85A00905F1D /* Images.xcassets */,
				3E2C428718A0D85A00905F1D /* Supporting Files */,
			);
			path = 09DelegatesTestHW02;
			sourceTree = "<group>";
		};
		3E2C428718A0D85A00905F1D /* Supporting Files */ = {
			isa = PBXGroup;
			children = (
				3E2C428818A0D85A00905F1D /* 09DelegatesTestHW02-Info.plist */,
				3E2C428918A0D85A00905F1D /* InfoPlist.strings */,
				3E2C428C18A0D85A00905F1D /* main.m */,
				3E2C428E18A0D85A00905F1D /* 09DelegatesTestHW02-Prefix.pch */,
			);
			name = "Supporting Files";
			sourceTree = "<group>";
		};
		3E2C429F18A0D85A00905F1D /* 09DelegatesTestHW02Tests */ = {
			isa = PBXGroup;
			children = (
				3E2C42A518A0D85A00905F1D /* _9DelegatesTestHW02Tests.m */,
				3E2C42A018A0D85A00905F1D /* Supporting Files */,
			);
			path = 09DelegatesTestHW02Tests;
			sourceTree = "<group>";
		};
		3E2C42A018A0D85A00905F1D /* Supporting Files */ = {
			isa = PBXGroup;
			children = (
				3E2C42A118A0D85A00905F1D /* 09DelegatesTestHW02Tests-Info.plist */,
				3E2C42A218A0D85A00905F1D /* InfoPlist.strings */,
			);
			name = "Supporting Files";
			sourceTree = "<group>";
		};
/* End PBXGroup section */

/* Begin PBXNativeTarget section */
		3E2C427C18A0D85A00905F1D /* 09DelegatesTestHW02 */ = {
			isa = PBXNativeTarget;
			buildConfigurationList = 3E2C42A918A0D85A00905F1D /* Build configuration list for PBXNativeTarget "09DelegatesTestHW02" */;
			buildPhases = (
				3E2C427918A0D85A00905F1D /* Sources */,
				3E2C427A18A0D85A00905F1D /* Frameworks */,
				3E2C427B18A0D85A00905F1D /* Resources */,
			);
			buildRules = (
			);
			dependencies = (
			);
			name = 09DelegatesTestHW02;
			productName = 09DelegatesTestHW02;
			productReference = 3E2C427D18A0D85A00905F1D /* 09DelegatesTestHW02.app */;
			productType = "com.apple.product-type.application";
		};
		3E2C429718A0D85A00905F1D /* 09DelegatesTestHW02Tests */ = {
			isa = PBXNativeTarget;
			buildConfigurationList = 3E2C42AC18A0D85A00905F1D /* Build configuration list for PBXNativeTarget "09DelegatesTestHW02Tests" */;
			buildPhases = (
				3E2C429418A0D85A00905F1D /* Sources */,
				3E2C429518A0D85A00905F1D /* Frameworks */,
				3E2C429618A0D85A00905F1D /* Resources */,
			);
			buildRules = (
			);
			dependencies = (
				3E2C429E18A0D85A00905F1D /* PBXTargetDependency */,
			);
			name = 09DelegatesTestHW02Tests;
			productName = 09DelegatesTestHW02Tests;
			productReference = 3E2C429818A0D85A00905F1D /* 09DelegatesTestHW02Tests.xctest */;
			productType = "com.apple.product-type.bundle.unit-test";
		};
/* End PBXNativeTarget section */

/* Begin PBXProject section */
		3E2C427518A0D85A00905F1D /* Project object */ = {
			isa = PBXProject;
			attributes = {
				CLASSPREFIX = RIT;
				LastUpgradeCheck = 0500;
				ORGANIZATIONNAME = "Aleksandr Pronin";
				TargetAttributes = {
					3E2C429718A0D85A00905F1D = {
						TestTargetID = 3E2C427C18A0D85A00905F1D;
					};
				};
			};
			buildConfigurationList = 3E2C427818A0D85A00905F1D /* Build configuration list for PBXProject "09DelegatesTestHW02" */;
			compatibilityVersion = "Xcode 3.2";
			developmentRegion = English;
			hasScannedForEncodings = 0;
			knownRegions = (
				en,
			);
			mainGroup = 3E2C427418A0D85A00905F1D;
			productRefGroup = 3E2C427E18A0D85A00905F1D /* Products */;
			projectDirPath = "";
			projectRoot = "";
			targets = (
				3E2C427C18A0D85A00905F1D /* 09DelegatesTestHW02 */,
				3E2C429718A0D85A00905F1D /* 09DelegatesTestHW02Tests */,
			);
		};
/* End PBXProject section */

/* Begin PBXResourcesBuildPhase section */
		3E2C427B18A0D85A00905F1D /* Resources */ = {
			isa = PBXResourcesBuildPhase;
			buildActionMask = 2147483647;
			files = (
				3E2C428B18A0D85A00905F1D /* InfoPlist.strings in Resources */,
				3E2C429318A0D85A00905F1D /* Images.xcassets in Resources */,
			);
			runOnlyForDeploymentPostprocessing = 0;
		};
		3E2C429618A0D85A00905F1D /* Resources */ = {
			isa = PBXResourcesBuildPhase;
			buildActionMask = 2147483647;
			files = (
				3E2C42A418A0D85A00905F1D /* InfoPlist.strings in Resources */,
			);
			runOnlyForDeploymentPostprocessing = 0;
		};
/* End PBXResourcesBuildPhase section */

/* Begin PBXSourcesBuildPhase section */
		3E2C427918A0D85A00905F1D /* Sources */ = {
			isa = PBXSourcesBuildPhase;
			buildActionMask = 2147483647;
			files = (
				3E2C429118A0D85A00905F1D /* RITAppDelegate.m in Sources */,
				3E2C428D18A0D85A00905F1D /* main.m in Sources */,
			);
			runOnlyForDeploymentPostprocessing = 0;
		};
		3E2C429418A0D85A00905F1D /* Sources */ = {
			isa = PBXSourcesBuildPhase;
			buildActionMask = 2147483647;
			files = (
				3E2C42A618A0D85A00905F1D /* _9DelegatesTestHW02Tests.m in Sources */,
			);
			runOnlyForDeploymentPostprocessing = 0;
		};
/* End PBXSourcesBuildPhase section */

/* Begin PBXTargetDependency section */
		3E2C429E18A0D85A00905F1D /* PBXTargetDependency */ = {
			isa = PBXTargetDependency;
			target = 3E2C427C18A0D85A00905F1D /* 09DelegatesTestHW02 */;
			targetProxy = 3E2C429D18A0D85A00905F1D /* PBXContainerItemProxy */;
		};
/* End PBXTargetDependency section */

/* Begin PBXVariantGroup section */
		3E2C428918A0D85A00905F1D /* InfoPlist.strings */ = {
			isa = PBXVariantGroup;
			children = (
				3E2C428A18A0D85A00905F1D /* en */,
			);
			name = InfoPlist.strings;
			sourceTree = "<group>";
		};
		3E2C42A218A0D85A00905F1D /* InfoPlist.strings */ = {
			isa = PBXVariantGroup;
			children = (
				3E2C42A318A0D85A00905F1D /* en */,
			);
			name = InfoPlist.strings;
			sourceTree = "<group>";
		};
/* End PBXVariantGroup section */

/* Begin XCBuildConfiguration section */
		3E2C42A718A0D85A00905F1D /* Debug */ = {
			isa = XCBuildConfiguration;
			buildSettings = {
				ALWAYS_SEARCH_USER_PATHS = NO;
				ARCHS = "$(ARCHS_STANDARD_INCLUDING_64_BIT)";
				CLANG_CXX_LANGUAGE_STANDARD = "gnu++0x";
				CLANG_CXX_LIBRARY = "libc++";
				CLANG_ENABLE_MODULES = YES;
				CLANG_ENABLE_OBJC_ARC = YES;
				CLANG_WARN_BOOL_CONVERSION = YES;
				CLANG_WARN_CONSTANT_CONVERSION = YES;
				CLANG_WARN_DIRECT_OBJC_ISA_USAGE = YES_ERROR;
				CLANG_WARN_EMPTY_BODY = YES;
				CLANG_WARN_ENUM_CONVERSION = YES;
				CLANG_WARN_INT_CONVERSION = YES;
				CLANG_WARN_OBJC_ROOT_CLASS = YES_ERROR;
				CLANG_WARN__DUPLICATE_METHOD_MATCH = YES;
				"CODE_SIGN_IDENTITY[sdk=iphoneos*]" = "iPhone Developer";
				COPY_PHASE_STRIP = NO;
				GCC_C_LANGUAGE_STANDARD = gnu99;
				GCC_DYNAMIC_NO_PIC = NO;
				GCC_OPTIMIZATION_LEVEL = 0;
				GCC_PREPROCESSOR_DEFINITIONS = (
					"DEBUG=1",
					"$(inherited)",
				);
				GCC_SYMBOLS_PRIVATE_EXTERN = NO;
				GCC_WARN_64_TO_32_BIT_CONVERSION = YES;
				GCC_WARN_ABOUT_RETURN_TYPE = YES_ERROR;
				GCC_WARN_UNDECLARED_SELECTOR = YES;
				GCC_WARN_UNINITIALIZED_AUTOS = YES;
				GCC_WARN_UNUSED_FUNCTION = YES;
				GCC_WARN_UNUSED_VARIABLE = YES;
				IPHONEOS_DEPLOYMENT_TARGET = 7.0;
				ONLY_ACTIVE_ARCH = YES;
				SDKROOT = iphoneos;
				TARGETED_DEVICE_FAMILY = 2;
			};
			name = Debug;
		};
		3E2C42A818A0D85A00905F1D /* Release */ = {
			isa = XCBuildConfiguration;
			buildSettings = {
				ALWAYS_SEARCH_USER_PATHS = NO;
				ARCHS = "$(ARCHS_STANDARD_INCLUDING_64_BIT)";
				CLANG_CXX_LANGUAGE_STANDARD = "gnu++0x";
				CLANG_CXX_LIBRARY = "libc++";
				CLANG_ENABLE_MODULES = YES;
				CLANG_ENABLE_OBJC_ARC = YES;
				CLANG_WARN_BOOL_CONVERSION = YES;
				CLANG_WARN_CONSTANT_CONVERSION = YES;
				CLANG_WARN_DIRECT_OBJC_ISA_USAGE = YES_ERROR;
				CLANG_WARN_EMPTY_BODY = YES;
				CLANG_WARN_ENUM_CONVERSION = YES;
				CLANG_WARN_INT_CONVERSION = YES;
				CLANG_WARN_OBJC_ROOT_CLASS = YES_ERROR;
				CLANG_WARN__DUPLICATE_METHOD_MATCH = YES;
				"CODE_SIGN_IDENTITY[sdk=iphoneos*]" = "iPhone Developer";
				COPY_PHASE_STRIP = YES;
				ENABLE_NS_ASSERTIONS = NO;
				GCC_C_LANGUAGE_STANDARD = gnu99;
				GCC_WARN_64_TO_32_BIT_CONVERSION = YES;
				GCC_WARN_ABOUT_RETURN_TYPE = YES_ERROR;
				GCC_WARN_UNDECLARED_SELECTOR = YES;
				GCC_WARN_UNINITIALIZED_AUTOS = YES;
				GCC_WARN_UNUSED_FUNCTION = YES;
				GCC_WARN_UNUSED_VARIABLE = YES;
				IPHONEOS_DEPLOYMENT_TARGET = 7.0;
				SDKROOT = iphoneos;
				TARGETED_DEVICE_FAMILY = 2;
				VALIDATE_PRODUCT = YES;
			};
			name = Release;
		};
		3E2C42AA18A0D85A00905F1D /* Debug */ = {
			isa = XCBuildConfiguration;
			buildSettings = {
				ASSETCATALOG_COMPILER_APPICON_NAME = AppIcon;
				ASSETCATALOG_COMPILER_LAUNCHIMAGE_NAME = LaunchImage;
				GCC_PRECOMPILE_PREFIX_HEADER = YES;
				GCC_PREFIX_HEADER = "09DelegatesTestHW02/09DelegatesTestHW02-Prefix.pch";
				INFOPLIST_FILE = "09DelegatesTestHW02/09DelegatesTestHW02-Info.plist";
				PRODUCT_NAME = "$(TARGET_NAME)";
				WRAPPER_EXTENSION = app;
			};
			name = Debug;
		};
		3E2C42AB18A0D85A00905F1D /* Release */ = {
			isa = XCBuildConfiguration;
			buildSettings = {
				ASSETCATALOG_COMPILER_APPICON_NAME = AppIcon;
				ASSETCATALOG_COMPILER_LAUNCHIMAGE_NAME = LaunchImage;
				GCC_PRECOMPILE_PREFIX_HEADER = YES;
				GCC_PREFIX_HEADER = "09DelegatesTestHW02/09DelegatesTestHW02-Prefix.pch";
				INFOPLIST_FILE = "09DelegatesTestHW02/09DelegatesTestHW02-Info.plist";
				PRODUCT_NAME = "$(TARGET_NAME)";
				WRAPPER_EXTENSION = app;
			};
			name = Release;
		};
		3E2C42AD18A0D85A00905F1D /* Debug */ = {
			isa = XCBuildConfiguration;
			buildSettings = {
				ARCHS = "$(ARCHS_STANDARD_INCLUDING_64_BIT)";
				BUNDLE_LOADER = "$(BUILT_PRODUCTS_DIR)/09DelegatesTestHW02.app/09DelegatesTestHW02";
				FRAMEWORK_SEARCH_PATHS = (
					"$(SDKROOT)/Developer/Library/Frameworks",
					"$(inherited)",
					"$(DEVELOPER_FRAMEWORKS_DIR)",
				);
				GCC_PRECOMPILE_PREFIX_HEADER = YES;
				GCC_PREFIX_HEADER = "09DelegatesTestHW02/09DelegatesTestHW02-Prefix.pch";
				GCC_PREPROCESSOR_DEFINITIONS = (
					"DEBUG=1",
					"$(inherited)",
				);
				INFOPLIST_FILE = "09DelegatesTestHW02Tests/09DelegatesTestHW02Tests-Info.plist";
				PRODUCT_NAME = "$(TARGET_NAME)";
				TEST_HOST = "$(BUNDLE_LOADER)";
				WRAPPER_EXTENSION = xctest;
			};
			name = Debug;
		};
		3E2C42AE18A0D85A00905F1D /* Release */ = {
			isa = XCBuildConfiguration;
			buildSettings = {
				ARCHS = "$(ARCHS_STANDARD_INCLUDING_64_BIT)";
				BUNDLE_LOADER = "$(BUILT_PRODUCTS_DIR)/09DelegatesTestHW02.app/09DelegatesTestHW02";
				FRAMEWORK_SEARCH_PATHS = (
					"$(SDKROOT)/Developer/Library/Frameworks",
					"$(inherited)",
					"$(DEVELOPER_FRAMEWORKS_DIR)",
				);
				GCC_PRECOMPILE_PREFIX_HEADER = YES;
				GCC_PREFIX_HEADER = "09DelegatesTestHW02/09DelegatesTestHW02-Prefix.pch";
				INFOPLIST_FILE = "09DelegatesTestHW02Tests/09DelegatesTestHW02Tests-Info.plist";
				PRODUCT_NAME = "$(TARGET_NAME)";
				TEST_HOST = "$(BUNDLE_LOADER)";
				WRAPPER_EXTENSION = xctest;
			};
			name = Release;
		};
/* End XCBuildConfiguration section */

/* Begin XCConfigurationList section */
		3E2C427818A0D85A00905F1D /* Build configuration list for PBXProject "09DelegatesTestHW02" */ = {
			isa = XCConfigurationList;
			buildConfigurations = (
				3E2C42A718A0D85A00905F1D /* Debug */,
				3E2C42A818A0D85A00905F1D /* Release */,
			);
			defaultConfigurationIsVisible = 0;
			defaultConfigurationName = Release;
		};
		3E2C42A918A0D85A00905F1D /* Build configuration list for PBXNativeTarget "09DelegatesTestHW02" */ = {
			isa = XCConfigurationList;
			buildConfigurations = (
				3E2C42AA18A0D85A00905F1D /* Debug */,
				3E2C42AB18A0D85A00905F1D /* Release */,
			);
			defaultConfigurationIsVisible = 0;
		};
		3E2C42AC18A0D85A00905F1D /* Build configuration list for PBXNativeTarget "09DelegatesTestHW02Tests" */ = {
			isa = XCConfigurationList;
			buildConfigurations = (
				3E2C42AD18A0D85A00905F1D /* Debug */,
				3E2C42AE18A0D85A00905F1D /* Release */,
			);
			defaultConfigurationIsVisible = 0;
		};
/* End XCConfigurationList section */
	};
	rootObject = 3E2C427518A0D85A00905F1D /* Project object */;
}
